// !$*UTF8*$!
{
	archiveVersion = 1;
	classes = {
	};
	objectVersion = 56;
	objects = {

/* Begin PBXBuildFile section */
		54BCA23A2BCF480A008A49EF /* AppDelegate.swift in Sources */ = {isa = PBXBuildFile; fileRef = 54BCA2392BCF480A008A49EF /* AppDelegate.swift */; };
		54BCA23C2BCF480A008A49EF /* SceneDelegate.swift in Sources */ = {isa = PBXBuildFile; fileRef = 54BCA23B2BCF480A008A49EF /* SceneDelegate.swift */; };
		54BCA23E2BCF480A008A49EF /* ViewController.swift in Sources */ = {isa = PBXBuildFile; fileRef = 54BCA23D2BCF480A008A49EF /* ViewController.swift */; };
		54BCA2412BCF480A008A49EF /* Main.storyboard in Resources */ = {isa = PBXBuildFile; fileRef = 54BCA23F2BCF480A008A49EF /* Main.storyboard */; };
		54BCA2432BCF480D008A49EF /* Assets.xcassets in Resources */ = {isa = PBXBuildFile; fileRef = 54BCA2422BCF480D008A49EF /* Assets.xcassets */; };
		54BCA2462BCF480D008A49EF /* LaunchScreen.storyboard in Resources */ = {isa = PBXBuildFile; fileRef = 54BCA2442BCF480D008A49EF /* LaunchScreen.storyboard */; };
		54BCA24E2BCF4F13008A49EF /* SignInViewController.swift in Sources */ = {isa = PBXBuildFile; fileRef = 54BCA24D2BCF4F13008A49EF /* SignInViewController.swift */; };
		54BF3F322BCFA2F300CC21F2 /* MainViewController.swift in Sources */ = {isa = PBXBuildFile; fileRef = 54BF3F312BCFA2F300CC21F2 /* MainViewController.swift */; };
		54BF3F342BCFA34B00CC21F2 /* RewardViewController.swift in Sources */ = {isa = PBXBuildFile; fileRef = 54BF3F332BCFA34B00CC21F2 /* RewardViewController.swift */; };
		54BF3F362BCFA62500CC21F2 /* RewardFinalViewController.swift in Sources */ = {isa = PBXBuildFile; fileRef = 54BF3F352BCFA62500CC21F2 /* RewardFinalViewController.swift */; };
		54E16CD62BCF610300CAFFA0 /* user.swift in Sources */ = {isa = PBXBuildFile; fileRef = 54E16CD52BCF610300CAFFA0 /* user.swift */; };
/* End PBXBuildFile section */

/* Begin PBXFileReference section */
		54BCA2362BCF480A008A49EF /* locale-app.app */ = {isa = PBXFileReference; explicitFileType = wrapper.application; includeInIndex = 0; path = "locale-app.app"; sourceTree = BUILT_PRODUCTS_DIR; };
		54BCA2392BCF480A008A49EF /* AppDelegate.swift */ = {isa = PBXFileReference; lastKnownFileType = sourcecode.swift; path = AppDelegate.swift; sourceTree = "<group>"; };
		54BCA23B2BCF480A008A49EF /* SceneDelegate.swift */ = {isa = PBXFileReference; lastKnownFileType = sourcecode.swift; path = SceneDelegate.swift; sourceTree = "<group>"; };
		54BCA23D2BCF480A008A49EF /* ViewController.swift */ = {isa = PBXFileReference; lastKnownFileType = sourcecode.swift; path = ViewController.swift; sourceTree = "<group>"; };
		54BCA2402BCF480A008A49EF /* Base */ = {isa = PBXFileReference; lastKnownFileType = file.storyboard; name = Base; path = Base.lproj/Main.storyboard; sourceTree = "<group>"; };
		54BCA2422BCF480D008A49EF /* Assets.xcassets */ = {isa = PBXFileReference; lastKnownFileType = folder.assetcatalog; path = Assets.xcassets; sourceTree = "<group>"; };
		54BCA2452BCF480D008A49EF /* Base */ = {isa = PBXFileReference; lastKnownFileType = file.storyboard; name = Base; path = Base.lproj/LaunchScreen.storyboard; sourceTree = "<group>"; };
		54BCA2472BCF480D008A49EF /* Info.plist */ = {isa = PBXFileReference; lastKnownFileType = text.plist.xml; path = Info.plist; sourceTree = "<group>"; };
		54BCA24D2BCF4F13008A49EF /* SignInViewController.swift */ = {isa = PBXFileReference; lastKnownFileType = sourcecode.swift; path = SignInViewController.swift; sourceTree = "<group>"; };
		54BF3F312BCFA2F300CC21F2 /* MainViewController.swift */ = {isa = PBXFileReference; fileEncoding = 4; lastKnownFileType = sourcecode.swift; path = MainViewController.swift; sourceTree = "<group>"; };
		54BF3F332BCFA34B00CC21F2 /* RewardViewController.swift */ = {isa = PBXFileReference; lastKnownFileType = sourcecode.swift; path = RewardViewController.swift; sourceTree = "<group>"; };
		54BF3F352BCFA62500CC21F2 /* RewardFinalViewController.swift */ = {isa = PBXFileReference; lastKnownFileType = sourcecode.swift; path = RewardFinalViewController.swift; sourceTree = "<group>"; };
		54E16CD52BCF610300CAFFA0 /* user.swift */ = {isa = PBXFileReference; lastKnownFileType = sourcecode.swift; path = user.swift; sourceTree = "<group>"; };
/* End PBXFileReference section */

/* Begin PBXFrameworksBuildPhase section */
		54BCA2332BCF480A008A49EF /* Frameworks */ = {
			isa = PBXFrameworksBuildPhase;
			buildActionMask = 2147483647;
			files = (
			);
			runOnlyForDeploymentPostprocessing = 0;
		};
/* End PBXFrameworksBuildPhase section */

/* Begin PBXGroup section */
		54BCA22D2BCF480A008A49EF = {
			isa = PBXGroup;
			children = (
				54BCA2382BCF480A008A49EF /* locale-app */,
				54BCA2372BCF480A008A49EF /* Products */,
			);
			sourceTree = "<group>";
		};
		54BCA2372BCF480A008A49EF /* Products */ = {
			isa = PBXGroup;
			children = (
				54BCA2362BCF480A008A49EF /* locale-app.app */,
			);
			name = Products;
			sourceTree = "<group>";
		};
		54BCA2382BCF480A008A49EF /* locale-app */ = {
			isa = PBXGroup;
			children = (
				54BCA2392BCF480A008A49EF /* AppDelegate.swift */,
				54BCA23B2BCF480A008A49EF /* SceneDelegate.swift */,
				54BCA23D2BCF480A008A49EF /* ViewController.swift */,
				54E16CD52BCF610300CAFFA0 /* user.swift */,
				54BCA24D2BCF4F13008A49EF /* SignInViewController.swift */,
				54BCA23F2BCF480A008A49EF /* Main.storyboard */,
				54BF3F352BCFA62500CC21F2 /* RewardFinalViewController.swift */,
				54BF3F332BCFA34B00CC21F2 /* RewardViewController.swift */,
				54BCA2422BCF480D008A49EF /* Assets.xcassets */,
				54BCA2442BCF480D008A49EF /* LaunchScreen.storyboard */,
				54BCA2472BCF480D008A49EF /* Info.plist */,
				54BF3F312BCFA2F300CC21F2 /* MainViewController.swift */,
			);
			path = "locale-app";
			sourceTree = "<group>";
		};
/* End PBXGroup section */

/* Begin PBXNativeTarget section */
		54BCA2352BCF480A008A49EF /* locale-app */ = {
			isa = PBXNativeTarget;
			buildConfigurationList = 54BCA24A2BCF480D008A49EF /* Build configuration list for PBXNativeTarget "locale-app" */;
			buildPhases = (
				54BCA2322BCF480A008A49EF /* Sources */,
				54BCA2332BCF480A008A49EF /* Frameworks */,
				54BCA2342BCF480A008A49EF /* Resources */,
			);
			buildRules = (
			);
			dependencies = (
			);
			name = "locale-app";
			productName = "locale-app";
			productReference = 54BCA2362BCF480A008A49EF /* locale-app.app */;
			productType = "com.apple.product-type.application";
		};
/* End PBXNativeTarget section */

/* Begin PBXProject section */
		54BCA22E2BCF480A008A49EF /* Project object */ = {
			isa = PBXProject;
			attributes = {
				BuildIndependentTargetsInParallel = 1;
				LastSwiftUpdateCheck = 1520;
				LastUpgradeCheck = 1520;
				TargetAttributes = {
					54BCA2352BCF480A008A49EF = {
						CreatedOnToolsVersion = 15.2;
					};
				};
			};
			buildConfigurationList = 54BCA2312BCF480A008A49EF /* Build configuration list for PBXProject "locale-app" */;
			compatibilityVersion = "Xcode 14.0";
			developmentRegion = en;
			hasScannedForEncodings = 0;
			knownRegions = (
				en,
				Base,
			);
			mainGroup = 54BCA22D2BCF480A008A49EF;
			productRefGroup = 54BCA2372BCF480A008A49EF /* Products */;
			projectDirPath = "";
			projectRoot = "";
			targets = (
				54BCA2352BCF480A008A49EF /* locale-app */,
			);
		};
/* End PBXProject section */

/* Begin PBXResourcesBuildPhase section */
		54BCA2342BCF480A008A49EF /* Resources */ = {
			isa = PBXResourcesBuildPhase;
			buildActionMask = 2147483647;
			files = (
				54BCA2462BCF480D008A49EF /* LaunchScreen.storyboard in Resources */,
				54BCA2432BCF480D008A49EF /* Assets.xcassets in Resources */,
				54BCA2412BCF480A008A49EF /* Main.storyboard in Resources */,
			);
			runOnlyForDeploymentPostprocessing = 0;
		};
/* End PBXResourcesBuildPhase section */

/* Begin PBXSourcesBuildPhase section */
		54BCA2322BCF480A008A49EF /* Sources */ = {
			isa = PBXSourcesBuildPhase;
			buildActionMask = 2147483647;
			files = (
				54BF3F362BCFA62500CC21F2 /* RewardFinalViewController.swift in Sources */,
				54BF3F322BCFA2F300CC21F2 /* MainViewController.swift in Sources */,
				54BF3F342BCFA34B00CC21F2 /* RewardViewController.swift in Sources */,
				54E16CD62BCF610300CAFFA0 /* user.swift in Sources */,
				54BCA24E2BCF4F13008A49EF /* SignInViewController.swift in Sources */,
				54BCA23E2BCF480A008A49EF /* ViewController.swift in Sources */,
				54BCA23A2BCF480A008A49EF /* AppDelegate.swift in Sources */,
				54BCA23C2BCF480A008A49EF /* SceneDelegate.swift in Sources */,
			);
			runOnlyForDeploymentPostprocessing = 0;
		};
/* End PBXSourcesBuildPhase section */

/* Begin PBXVariantGroup section */
		54BCA23F2BCF480A008A49EF /* Main.storyboard */ = {
			isa = PBXVariantGroup;
			children = (
				54BCA2402BCF480A008A49EF /* Base */,
			);
			name = Main.storyboard;
			sourceTree = "<group>";
		};
		54BCA2442BCF480D008A49EF /* LaunchScreen.storyboard */ = {
			isa = PBXVariantGroup;
			children = (
				54BCA2452BCF480D008A49EF /* Base */,
			);
			name = LaunchScreen.storyboard;
			sourceTree = "<group>";
		};
/* End PBXVariantGroup section */

/* Begin XCBuildConfiguration section */
		54BCA2482BCF480D008A49EF /* Debug */ = {
			isa = XCBuildConfiguration;
			buildSettings = {
				ALWAYS_SEARCH_USER_PATHS = NO;
				ASSETCATALOG_COMPILER_GENERATE_SWIFT_ASSET_SYMBOL_EXTENSIONS = YES;
				CLANG_ANALYZER_NONNULL = YES;
				CLANG_ANALYZER_NUMBER_OBJECT_CONVERSION = YES_AGGRESSIVE;
				CLANG_CXX_LANGUAGE_STANDARD = "gnu++20";
				CLANG_ENABLE_MODULES = YES;
				CLANG_ENABLE_OBJC_ARC = YES;
				CLANG_ENABLE_OBJC_WEAK = YES;
				CLANG_WARN_BLOCK_CAPTURE_AUTORELEASING = YES;
				CLANG_WARN_BOOL_CONVERSION = YES;
				CLANG_WARN_COMMA = YES;
				CLANG_WARN_CONSTANT_CONVERSION = YES;
				CLANG_WARN_DEPRECATED_OBJC_IMPLEMENTATIONS = YES;
				CLANG_WARN_DIRECT_OBJC_ISA_USAGE = YES_ERROR;
				CLANG_WARN_DOCUMENTATION_COMMENTS = YES;
				CLANG_WARN_EMPTY_BODY = YES;
				CLANG_WARN_ENUM_CONVERSION = YES;
				CLANG_WARN_INFINITE_RECURSION = YES;
				CLANG_WARN_INT_CONVERSION = YES;
				CLANG_WARN_NON_LITERAL_NULL_CONVERSION = YES;
				CLANG_WARN_OBJC_IMPLICIT_RETAIN_SELF = YES;
				CLANG_WARN_OBJC_LITERAL_CONVERSION = YES;
				CLANG_WARN_OBJC_ROOT_CLASS = YES_ERROR;
				CLANG_WARN_QUOTED_INCLUDE_IN_FRAMEWORK_HEADER = YES;
				CLANG_WARN_RANGE_LOOP_ANALYSIS = YES;
				CLANG_WARN_STRICT_PROTOTYPES = YES;
				CLANG_WARN_SUSPICIOUS_MOVE = YES;
				CLANG_WARN_UNGUARDED_AVAILABILITY = YES_AGGRESSIVE;
				CLANG_WARN_UNREACHABLE_CODE = YES;
				CLANG_WARN__DUPLICATE_METHOD_MATCH = YES;
				COPY_PHASE_STRIP = NO;
				DEBUG_INFORMATION_FORMAT = dwarf;
				ENABLE_STRICT_OBJC_MSGSEND = YES;
				ENABLE_TESTABILITY = YES;
				ENABLE_USER_SCRIPT_SANDBOXING = YES;
				GCC_C_LANGUAGE_STANDARD = gnu17;
				GCC_DYNAMIC_NO_PIC = NO;
				GCC_NO_COMMON_BLOCKS = YES;
				GCC_OPTIMIZATION_LEVEL = 0;
				GCC_PREPROCESSOR_DEFINITIONS = (
					"DEBUG=1",
					"$(inherited)",
				);
				GCC_WARN_64_TO_32_BIT_CONVERSION = YES;
				GCC_WARN_ABOUT_RETURN_TYPE = YES_ERROR;
				GCC_WARN_UNDECLARED_SELECTOR = YES;
				GCC_WARN_UNINITIALIZED_AUTOS = YES_AGGRESSIVE;
				GCC_WARN_UNUSED_FUNCTION = YES;
				GCC_WARN_UNUSED_VARIABLE = YES;
				IPHONEOS_DEPLOYMENT_TARGET = 17.2;
				LOCALIZATION_PREFERS_STRING_CATALOGS = YES;
				MTL_ENABLE_DEBUG_INFO = INCLUDE_SOURCE;
				MTL_FAST_MATH = YES;
				ONLY_ACTIVE_ARCH = YES;
				SDKROOT = iphoneos;
				SWIFT_ACTIVE_COMPILATION_CONDITIONS = "DEBUG $(inherited)";
				SWIFT_OPTIMIZATION_LEVEL = "-Onone";
			};
			name = Debug;
		};
		54BCA2492BCF480D008A49EF /* Release */ = {
			isa = XCBuildConfiguration;
			buildSettings = {
				ALWAYS_SEARCH_USER_PATHS = NO;
				ASSETCATALOG_COMPILER_GENERATE_SWIFT_ASSET_SYMBOL_EXTENSIONS = YES;
				CLANG_ANALYZER_NONNULL = YES;
				CLANG_ANALYZER_NUMBER_OBJECT_CONVERSION = YES_AGGRESSIVE;
				CLANG_CXX_LANGUAGE_STANDARD = "gnu++20";
				CLANG_ENABLE_MODULES = YES;
				CLANG_ENABLE_OBJC_ARC = YES;
				CLANG_ENABLE_OBJC_WEAK = YES;
				CLANG_WARN_BLOCK_CAPTURE_AUTORELEASING = YES;
				CLANG_WARN_BOOL_CONVERSION = YES;
				CLANG_WARN_COMMA = YES;
				CLANG_WARN_CONSTANT_CONVERSION = YES;
				CLANG_WARN_DEPRECATED_OBJC_IMPLEMENTATIONS = YES;
				CLANG_WARN_DIRECT_OBJC_ISA_USAGE = YES_ERROR;
				CLANG_WARN_DOCUMENTATION_COMMENTS = YES;
				CLANG_WARN_EMPTY_BODY = YES;
				CLANG_WARN_ENUM_CONVERSION = YES;
				CLANG_WARN_INFINITE_RECURSION = YES;
				CLANG_WARN_INT_CONVERSION = YES;
				CLANG_WARN_NON_LITERAL_NULL_CONVERSION = YES;
				CLANG_WARN_OBJC_IMPLICIT_RETAIN_SELF = YES;
				CLANG_WARN_OBJC_LITERAL_CONVERSION = YES;
				CLANG_WARN_OBJC_ROOT_CLASS = YES_ERROR;
				CLANG_WARN_QUOTED_INCLUDE_IN_FRAMEWORK_HEADER = YES;
				CLANG_WARN_RANGE_LOOP_ANALYSIS = YES;
				CLANG_WARN_STRICT_PROTOTYPES = YES;
				CLANG_WARN_SUSPICIOUS_MOVE = YES;
				CLANG_WARN_UNGUARDED_AVAILABILITY = YES_AGGRESSIVE;
				CLANG_WARN_UNREACHABLE_CODE = YES;
				CLANG_WARN__DUPLICATE_METHOD_MATCH = YES;
				COPY_PHASE_STRIP = NO;
				DEBUG_INFORMATION_FORMAT = "dwarf-with-dsym";
				ENABLE_NS_ASSERTIONS = NO;
				ENABLE_STRICT_OBJC_MSGSEND = YES;
				ENABLE_USER_SCRIPT_SANDBOXING = YES;
				GCC_C_LANGUAGE_STANDARD = gnu17;
				GCC_NO_COMMON_BLOCKS = YES;
				GCC_WARN_64_TO_32_BIT_CONVERSION = YES;
				GCC_WARN_ABOUT_RETURN_TYPE = YES_ERROR;
				GCC_WARN_UNDECLARED_SELECTOR = YES;
				GCC_WARN_UNINITIALIZED_AUTOS = YES_AGGRESSIVE;
				GCC_WARN_UNUSED_FUNCTION = YES;
				GCC_WARN_UNUSED_VARIABLE = YES;
				IPHONEOS_DEPLOYMENT_TARGET = 17.2;
				LOCALIZATION_PREFERS_STRING_CATALOGS = YES;
				MTL_ENABLE_DEBUG_INFO = NO;
				MTL_FAST_MATH = YES;
				SDKROOT = iphoneos;
				SWIFT_COMPILATION_MODE = wholemodule;
				VALIDATE_PRODUCT = YES;
			};
			name = Release;
		};
		54BCA24B2BCF480D008A49EF /* Debug */ = {
			isa = XCBuildConfiguration;
			buildSettings = {
				ASSETCATALOG_COMPILER_APPICON_NAME = AppIcon;
				ASSETCATALOG_COMPILER_GLOBAL_ACCENT_COLOR_NAME = AccentColor;
				CODE_SIGN_STYLE = Automatic;
				CURRENT_PROJECT_VERSION = 1;
				DEVELOPMENT_TEAM = YGR696TJV2;
				GENERATE_INFOPLIST_FILE = YES;
				INFOPLIST_FILE = "locale-app/Info.plist";
				INFOPLIST_KEY_UIApplicationSupportsIndirectInputEvents = YES;
				INFOPLIST_KEY_UILaunchStoryboardName = LaunchScreen;
				INFOPLIST_KEY_UIMainStoryboardFile = Main;
				INFOPLIST_KEY_UISupportedInterfaceOrientations_iPad = "UIInterfaceOrientationPortrait UIInterfaceOrientationPortraitUpsideDown UIInterfaceOrientationLandscapeLeft UIInterfaceOrientationLandscapeRight";
				INFOPLIST_KEY_UISupportedInterfaceOrientations_iPhone = "UIInterfaceOrientationPortrait UIInterfaceOrientationLandscapeLeft UIInterfaceOrientationLandscapeRight";
				IPHONEOS_DEPLOYMENT_TARGET = 16.5;
				LD_RUNPATH_SEARCH_PATHS = (
					"$(inherited)",
					"@executable_path/Frameworks",
				);
				MARKETING_VERSION = 1.0;
				PRODUCT_BUNDLE_IDENTIFIER = "AA-App-Studios.locale-app";
				PRODUCT_NAME = "$(TARGET_NAME)";
				SWIFT_EMIT_LOC_STRINGS = YES;
				SWIFT_VERSION = 5.0;
				TARGETED_DEVICE_FAMILY = "1,2";
			};
			name = Debug;
		};
		54BCA24C2BCF480D008A49EF /* Release */ = {
			isa = XCBuildConfiguration;
			buildSettings = {
				ASSETCATALOG_COMPILER_APPICON_NAME = AppIcon;
				ASSETCATALOG_COMPILER_GLOBAL_ACCENT_COLOR_NAME = AccentColor;
				CODE_SIGN_STYLE = Automatic;
				CURRENT_PROJECT_VERSION = 1;
				DEVELOPMENT_TEAM = YGR696TJV2;
				GENERATE_INFOPLIST_FILE = YES;
				INFOPLIST_FILE = "locale-app/Info.plist";
				INFOPLIST_KEY_UIApplicationSupportsIndirectInputEvents = YES;
				INFOPLIST_KEY_UILaunchStoryboardName = LaunchScreen;
				INFOPLIST_KEY_UIMainStoryboardFile = Main;
				INFOPLIST_KEY_UISupportedInterfaceOrientations_iPad = "UIInterfaceOrientationPortrait UIInterfaceOrientationPortraitUpsideDown UIInterfaceOrientationLandscapeLeft UIInterfaceOrientationLandscapeRight";
				INFOPLIST_KEY_UISupportedInterfaceOrientations_iPhone = "UIInterfaceOrientationPortrait UIInterfaceOrientationLandscapeLeft UIInterfaceOrientationLandscapeRight";
				IPHONEOS_DEPLOYMENT_TARGET = 16.5;
				LD_RUNPATH_SEARCH_PATHS = (
					"$(inherited)",
					"@executable_path/Frameworks",
				);
				MARKETING_VERSION = 1.0;
				PRODUCT_BUNDLE_IDENTIFIER = "AA-App-Studios.locale-app";
				PRODUCT_NAME = "$(TARGET_NAME)";
				SWIFT_EMIT_LOC_STRINGS = YES;
				SWIFT_VERSION = 5.0;
				TARGETED_DEVICE_FAMILY = "1,2";
			};
			name = Release;
		};
/* End XCBuildConfiguration section */

/* Begin XCConfigurationList section */
		54BCA2312BCF480A008A49EF /* Build configuration list for PBXProject "locale-app" */ = {
			isa = XCConfigurationList;
			buildConfigurations = (
				54BCA2482BCF480D008A49EF /* Debug */,
				54BCA2492BCF480D008A49EF /* Release */,
			);
			defaultConfigurationIsVisible = 0;
			defaultConfigurationName = Release;
		};
		54BCA24A2BCF480D008A49EF /* Build configuration list for PBXNativeTarget "locale-app" */ = {
			isa = XCConfigurationList;
			buildConfigurations = (
				54BCA24B2BCF480D008A49EF /* Debug */,
				54BCA24C2BCF480D008A49EF /* Release */,
			);
			defaultConfigurationIsVisible = 0;
			defaultConfigurationName = Release;
		};
/* End XCConfigurationList section */
	};
	rootObject = 54BCA22E2BCF480A008A49EF /* Project object */;
}
